
Microsoft Visual Studio Solution File, Format Version 12.00
# Visual Studio Version 17
VisualStudioVersion = 17.10.35122.118
MinimumVisualStudioVersion = 10.0.40219.1
Project("{FAE04EC0-301F-11D3-BF4B-00C04F79EFBC}") = "4 sep", "4 sep\4 sep.csproj", "{DE6CBE35-3025-4E3E-B99F-D5CEDCE0ECE1}"
EndProject
Global
	GlobalSection(SolutionConfigurationPlatforms) = preSolution
		Debug|Any CPU = Debug|Any CPU
		Release|Any CPU = Release|Any CPU
	EndGlobalSection
	GlobalSection(ProjectConfigurationPlatforms) = postSolution
		{DE6CBE35-3025-4E3E-B99F-D5CEDCE0ECE1}.Debug|Any CPU.ActiveCfg = Debug|Any CPU
		{DE6CBE35-3025-4E3E-B99F-D5CEDCE0ECE1}.Debug|Any CPU.Build.0 = Debug|Any CPU
		{DE6CBE35-3025-4E3E-B99F-D5CEDCE0ECE1}.Release|Any CPU.ActiveCfg = Release|Any CPU
		{DE6CBE35-3025-4E3E-B99F-D5CEDCE0ECE1}.Release|Any CPU.Build.0 = Release|Any CPU
	EndGlobalSection
	GlobalSection(SolutionProperties) = preSolution
		HideSolutionNode = FALSE
	EndGlobalSection
	GlobalSection(ExtensibilityGlobals) = postSolution
		SolutionGuid = {12FAB5C9-278D-4322-ABAA-D715F0D57DA7}
	EndGlobalSection
EndGlobal
