
Microsoft Visual Studio Solution File, Format Version 11.00
# Visual Studio 2010
Project("{FAE04EC0-301F-11D3-BF4B-00C04F79EFBC}") = "Module_9", "Module_9\Module_9.csproj", "{A3C9A830-801A-497C-B24B-70CE8E0F29FA}"
EndProject
Global
	GlobalSection(SolutionConfigurationPlatforms) = preSolution
		Debug|x86 = Debug|x86
		Release|x86 = Release|x86
	EndGlobalSection
	GlobalSection(ProjectConfigurationPlatforms) = postSolution
		{A3C9A830-801A-497C-B24B-70CE8E0F29FA}.Debug|x86.ActiveCfg = Debug|x86
		{A3C9A830-801A-497C-B24B-70CE8E0F29FA}.Debug|x86.Build.0 = Debug|x86
		{A3C9A830-801A-497C-B24B-70CE8E0F29FA}.Release|x86.ActiveCfg = Release|x86
		{A3C9A830-801A-497C-B24B-70CE8E0F29FA}.Release|x86.Build.0 = Release|x86
	EndGlobalSection
	GlobalSection(SolutionProperties) = preSolution
		HideSolutionNode = FALSE
	EndGlobalSection
EndGlobal
